
Microsoft Visual Studio Solution File, Format Version 12.00
# Visual Studio 2012
Project("{2150E333-8FDC-42A3-9474-1A3956D46DE8}") = "Core", "Core", "{A91387A4-C29C-4AF8-9BF2-E1D985CFC17C}"
EndProject
Project("{2150E333-8FDC-42A3-9474-1A3956D46DE8}") = "Domain", "Domain", "{940D205A-160D-4EDB-89F6-D0EBEFDD9ACE}"
EndProject
Project("{FAE04EC0-301F-11D3-BF4B-00C04F79EFBC}") = "Util", "Util\Util.csproj", "{33AA6B42-FFEF-4F2C-A7BD-9DF5F2367962}"
EndProject
Project("{FAE04EC0-301F-11D3-BF4B-00C04F79EFBC}") = "Unit.Test", "Unit.Test\Unit.Test.csproj", "{5681F2A5-BF9C-40F3-9432-00FEEF8EEBF1}"
EndProject
Project("{FAE04EC0-301F-11D3-BF4B-00C04F79EFBC}") = "Util.Domain", "Util.Domain\Util.Domain.csproj", "{11ACA5BA-F09E-49F9-8BAB-C2673C1BD809}"
EndProject
Project("{FAE04EC0-301F-11D3-BF4B-00C04F79EFBC}") = "Util.Domain.Test", "Util.Domain.Test\Util.Domain.Test.csproj", "{6DDA1767-9439-4ACC-AF1D-877FB6C63F0C}"
EndProject
Global
	GlobalSection(SolutionConfigurationPlatforms) = preSolution
		Debug|Any CPU = Debug|Any CPU
		Release|Any CPU = Release|Any CPU
	EndGlobalSection
	GlobalSection(ProjectConfigurationPlatforms) = postSolution
		{33AA6B42-FFEF-4F2C-A7BD-9DF5F2367962}.Debug|Any CPU.ActiveCfg = Debug|Any CPU
		{33AA6B42-FFEF-4F2C-A7BD-9DF5F2367962}.Debug|Any CPU.Build.0 = Debug|Any CPU
		{33AA6B42-FFEF-4F2C-A7BD-9DF5F2367962}.Release|Any CPU.ActiveCfg = Release|Any CPU
		{33AA6B42-FFEF-4F2C-A7BD-9DF5F2367962}.Release|Any CPU.Build.0 = Release|Any CPU
		{5681F2A5-BF9C-40F3-9432-00FEEF8EEBF1}.Debug|Any CPU.ActiveCfg = Debug|Any CPU
		{5681F2A5-BF9C-40F3-9432-00FEEF8EEBF1}.Debug|Any CPU.Build.0 = Debug|Any CPU
		{5681F2A5-BF9C-40F3-9432-00FEEF8EEBF1}.Release|Any CPU.ActiveCfg = Release|Any CPU
		{5681F2A5-BF9C-40F3-9432-00FEEF8EEBF1}.Release|Any CPU.Build.0 = Release|Any CPU
		{11ACA5BA-F09E-49F9-8BAB-C2673C1BD809}.Debug|Any CPU.ActiveCfg = Debug|Any CPU
		{11ACA5BA-F09E-49F9-8BAB-C2673C1BD809}.Debug|Any CPU.Build.0 = Debug|Any CPU
		{11ACA5BA-F09E-49F9-8BAB-C2673C1BD809}.Release|Any CPU.ActiveCfg = Release|Any CPU
		{11ACA5BA-F09E-49F9-8BAB-C2673C1BD809}.Release|Any CPU.Build.0 = Release|Any CPU
		{6DDA1767-9439-4ACC-AF1D-877FB6C63F0C}.Debug|Any CPU.ActiveCfg = Debug|Any CPU
		{6DDA1767-9439-4ACC-AF1D-877FB6C63F0C}.Debug|Any CPU.Build.0 = Debug|Any CPU
		{6DDA1767-9439-4ACC-AF1D-877FB6C63F0C}.Release|Any CPU.ActiveCfg = Release|Any CPU
		{6DDA1767-9439-4ACC-AF1D-877FB6C63F0C}.Release|Any CPU.Build.0 = Release|Any CPU
	EndGlobalSection
	GlobalSection(SolutionProperties) = preSolution
		HideSolutionNode = FALSE
	EndGlobalSection
	GlobalSection(NestedProjects) = preSolution
		{33AA6B42-FFEF-4F2C-A7BD-9DF5F2367962} = {A91387A4-C29C-4AF8-9BF2-E1D985CFC17C}
		{5681F2A5-BF9C-40F3-9432-00FEEF8EEBF1} = {A91387A4-C29C-4AF8-9BF2-E1D985CFC17C}
		{11ACA5BA-F09E-49F9-8BAB-C2673C1BD809} = {940D205A-160D-4EDB-89F6-D0EBEFDD9ACE}
		{6DDA1767-9439-4ACC-AF1D-877FB6C63F0C} = {940D205A-160D-4EDB-89F6-D0EBEFDD9ACE}
	EndGlobalSection
EndGlobal
